{
  "version": 4,
  "terraform_version": "1.1.7",
  "serial": 24,
  "lineage": "f696daf9-33d3-0d6f-ff08-a2b5cabea94b",
  "outputs": {},
  "resources": [
    {
      "mode": "data",
      "type": "archive_file",
      "name": "source",
      "provider": "provider[\"registry.terraform.io/hashicorp/archive\"]",
      "instances": [
        {
          "schema_version": 0,
          "attributes": {
            "excludes": null,
            "id": "277801f759b4fe227a15aa0b1d9a94e91c6ef9bd",
            "output_base64sha256": "c4hLqJcHWF0g7H0oLWzPBTK4E1OCOAtGJxm+IrDHFLU=",
            "output_file_mode": null,
            "output_md5": "61d2344c044ecf2c352a046ce474bd88",
            "output_path": "/tmp/cloud_function.zip",
            "output_sha": "277801f759b4fe227a15aa0b1d9a94e91c6ef9bd",
            "output_size": 310,
            "source": [],
            "source_content": null,
            "source_content_filename": null,
            "source_dir": "../cloud_function",
            "source_file": null,
            "type": "zip"
          },
          "sensitive_attributes": []
        }
      ]
    },
    {
      "mode": "managed",
      "type": "google_cloudfunctions_function",
      "name": "function",
      "provider": "provider[\"registry.terraform.io/hashicorp/google\"]",
      "instances": [
        {
          "schema_version": 0,
          "attributes": {
            "available_memory_mb": 256,
            "build_environment_variables": null,
            "description": "",
            "entry_point": "main",
            "environment_variables": null,
            "event_trigger": [
              {
                "event_type": "google.storage.object.finalize",
                "failure_policy": [
                  {
                    "retry": false
                  }
                ],
                "resource": "projects/lab-2-soa/buckets/lab-2-soa-input"
              }
            ],
            "https_trigger_url": null,
            "id": "projects/lab-2-soa/locations/europe-west1/functions/funcioncita",
            "ingress_settings": "ALLOW_ALL",
            "labels": null,
            "max_instances": 0,
            "min_instances": 0,
            "name": "funcioncita",
            "project": "lab-2-soa",
            "region": "europe-west1",
            "runtime": "python37",
            "secret_environment_variables": [],
            "secret_volumes": [],
            "service_account_email": "lab-2-soa@appspot.gserviceaccount.com",
            "source_archive_bucket": "lab-2-soa-function",
            "source_archive_object": "src-61d2344c044ecf2c352a046ce474bd88.zip",
            "source_repository": [],
            "timeout": 60,
            "timeouts": null,
            "trigger_http": null,
            "vpc_connector": "",
            "vpc_connector_egress_settings": ""
          },
          "sensitive_attributes": [],
          "private": "eyJlMmJmYjczMC1lY2FhLTExZTYtOGY4OC0zNDM2M2JjN2M0YzAiOnsiY3JlYXRlIjozMDAwMDAwMDAwMDAsImRlbGV0ZSI6MzAwMDAwMDAwMDAwLCJyZWFkIjozMDAwMDAwMDAwMDAsInVwZGF0ZSI6MzAwMDAwMDAwMDAwfX0=",
          "dependencies": [
            "data.archive_file.source",
            "google_storage_bucket.function_bucket",
            "google_storage_bucket_object.zip"
          ]
        }
      ]
    },
    {
      "mode": "managed",
      "type": "google_storage_bucket",
      "name": "function_bucket",
      "provider": "provider[\"registry.terraform.io/hashicorp/google\"]",
      "instances": [
        {
          "schema_version": 0,
          "attributes": {
            "cors": [],
            "default_event_based_hold": false,
            "encryption": [],
            "force_destroy": false,
            "id": "lab-2-soa-function",
            "labels": null,
            "lifecycle_rule": [],
            "location": "EUROPE-WEST1",
            "logging": [],
            "name": "lab-2-soa-function",
            "project": "lab-2-soa",
            "requester_pays": false,
            "retention_policy": [],
            "self_link": "https://www.googleapis.com/storage/v1/b/lab-2-soa-function",
            "storage_class": "STANDARD",
            "timeouts": null,
            "uniform_bucket_level_access": false,
            "url": "gs://lab-2-soa-function",
            "versioning": [],
            "website": []
          },
          "sensitive_attributes": [],
          "private": "eyJlMmJmYjczMC1lY2FhLTExZTYtOGY4OC0zNDM2M2JjN2M0YzAiOnsiY3JlYXRlIjoyNDAwMDAwMDAwMDAsInJlYWQiOjI0MDAwMDAwMDAwMCwidXBkYXRlIjoyNDAwMDAwMDAwMDB9fQ=="
        }
      ]
    },
    {
      "mode": "managed",
      "type": "google_storage_bucket",
      "name": "input_bucket",
      "provider": "provider[\"registry.terraform.io/hashicorp/google\"]",
      "instances": [
        {
          "schema_version": 0,
          "attributes": {
            "cors": [],
            "default_event_based_hold": false,
            "encryption": [],
            "force_destroy": false,
            "id": "lab-2-soa-input",
            "labels": null,
            "lifecycle_rule": [],
            "location": "EUROPE-WEST1",
            "logging": [],
            "name": "lab-2-soa-input",
            "project": "lab-2-soa",
            "requester_pays": false,
            "retention_policy": [],
            "self_link": "https://www.googleapis.com/storage/v1/b/lab-2-soa-input",
            "storage_class": "STANDARD",
            "timeouts": null,
            "uniform_bucket_level_access": false,
            "url": "gs://lab-2-soa-input",
            "versioning": [],
            "website": []
          },
          "sensitive_attributes": [],
          "private": "eyJlMmJmYjczMC1lY2FhLTExZTYtOGY4OC0zNDM2M2JjN2M0YzAiOnsiY3JlYXRlIjoyNDAwMDAwMDAwMDAsInJlYWQiOjI0MDAwMDAwMDAwMCwidXBkYXRlIjoyNDAwMDAwMDAwMDB9fQ=="
        }
      ]
    },
    {
      "mode": "managed",
      "type": "google_storage_bucket_object",
      "name": "zip",
      "provider": "provider[\"registry.terraform.io/hashicorp/google\"]",
      "instances": [
        {
          "schema_version": 0,
          "attributes": {
            "bucket": "lab-2-soa-function",
            "cache_control": "",
            "content": null,
            "content_disposition": "",
            "content_encoding": "",
            "content_language": "",
            "content_type": "application/zip",
            "crc32c": "L7e6eg==",
            "customer_encryption": [],
            "detect_md5hash": "YdI0TAROzyw1KgRs5HS9iA==",
            "event_based_hold": false,
            "id": "lab-2-soa-function-src-61d2344c044ecf2c352a046ce474bd88.zip",
            "kms_key_name": "",
            "md5hash": "YdI0TAROzyw1KgRs5HS9iA==",
            "media_link": "https://storage.googleapis.com/download/storage/v1/b/lab-2-soa-function/o/src-61d2344c044ecf2c352a046ce474bd88.zip?generation=1647962774321769\u0026alt=media",
            "metadata": null,
            "name": "src-61d2344c044ecf2c352a046ce474bd88.zip",
            "output_name": "src-61d2344c044ecf2c352a046ce474bd88.zip",
            "self_link": "https://www.googleapis.com/storage/v1/b/lab-2-soa-function/o/src-61d2344c044ecf2c352a046ce474bd88.zip",
            "source": "/tmp/cloud_function.zip",
            "storage_class": "STANDARD",
            "temporary_hold": false,
            "timeouts": null
          },
          "sensitive_attributes": [],
          "private": "eyJlMmJmYjczMC1lY2FhLTExZTYtOGY4OC0zNDM2M2JjN2M0YzAiOnsiY3JlYXRlIjoyNDAwMDAwMDAwMDAsImRlbGV0ZSI6MjQwMDAwMDAwMDAwLCJ1cGRhdGUiOjI0MDAwMDAwMDAwMH19",
          "dependencies": [
            "data.archive_file.source",
            "google_storage_bucket.function_bucket"
          ]
        }
      ]
    }
  ]
}
